Microsoft Visual Studio Solution File, Format Version 12.00
# Visual Studio Version 17
VisualStudioVersion = 17.5.2.0
MinimumVisualStudioVersion = 10.0.40219.1
Project("{FAE04EC0-301F-11D3-BF4B-00C04F79EFBC}") = "Catan.CLI", "Catan.CLI.csproj", "{A476FAA2-C62D-B4E3-1861-EE874C2C219F}"
EndProject
Global
	GlobalSection(SolutionConfigurationPlatforms) = preSolution
		Debug|Any CPU = Debug|Any CPU
		Release|Any CPU = Release|Any CPU
	EndGlobalSection
	GlobalSection(ProjectConfigurationPlatforms) = postSolution
		{A476FAA2-C62D-B4E3-1861-EE874C2C219F}.Debug|Any CPU.ActiveCfg = Debug|Any CPU
		{A476FAA2-C62D-B4E3-1861-EE874C2C219F}.Debug|Any CPU.Build.0 = Debug|Any CPU
		{A476FAA2-C62D-B4E3-1861-EE874C2C219F}.Release|Any CPU.ActiveCfg = Release|Any CPU
		{A476FAA2-C62D-B4E3-1861-EE874C2C219F}.Release|Any CPU.Build.0 = Release|Any CPU
	EndGlobalSection
	GlobalSection(SolutionProperties) = preSolution
		HideSolutionNode = FALSE
	EndGlobalSection
	GlobalSection(ExtensibilityGlobals) = postSolution
		SolutionGuid = {4D65C91C-5F30-41F3-9901-BAB225270A1F}
	EndGlobalSection
EndGlobal
